
Microsoft Visual Studio Solution File, Format Version 12.00
# Visual Studio Version 17
VisualStudioVersion = 17.14.36414.22 d17.14
MinimumVisualStudioVersion = 10.0.40219.1
Project("{FAE04EC0-301F-11D3-BF4B-00C04F79EFBC}") = "BTH2_24520432", "BTH2_24520432.csproj", "{3DB7B779-AFD4-4935-8C69-06DB7BEC0CF0}"
EndProject
Global
	GlobalSection(SolutionConfigurationPlatforms) = preSolution
		Debug|Any CPU = Debug|Any CPU
		Release|Any CPU = Release|Any CPU
	EndGlobalSection
	GlobalSection(ProjectConfigurationPlatforms) = postSolution
		{3DB7B779-AFD4-4935-8C69-06DB7BEC0CF0}.Debug|Any CPU.ActiveCfg = Debug|Any CPU
		{3DB7B779-AFD4-4935-8C69-06DB7BEC0CF0}.Debug|Any CPU.Build.0 = Debug|Any CPU
		{3DB7B779-AFD4-4935-8C69-06DB7BEC0CF0}.Release|Any CPU.ActiveCfg = Release|Any CPU
		{3DB7B779-AFD4-4935-8C69-06DB7BEC0CF0}.Release|Any CPU.Build.0 = Release|Any CPU
	EndGlobalSection
	GlobalSection(SolutionProperties) = preSolution
		HideSolutionNode = FALSE
	EndGlobalSection
	GlobalSection(ExtensibilityGlobals) = postSolution
		SolutionGuid = {046B5210-E7F3-4369-84AB-35AFB8B5B063}
	EndGlobalSection
EndGlobal
