
Microsoft Visual Studio Solution File, Format Version 12.00
# Visual Studio Version 17
VisualStudioVersion = 17.14.36414.22 d17.14
MinimumVisualStudioVersion = 10.0.40219.1
Project("{FAE04EC0-301F-11D3-BF4B-00C04F79EFBC}") = "Bai02", "Bai02.csproj", "{C67B3830-A5C3-4080-9A00-D657F4B3C769}"
EndProject
Global
	GlobalSection(SolutionConfigurationPlatforms) = preSolution
		Debug|Any CPU = Debug|Any CPU
		Release|Any CPU = Release|Any CPU
	EndGlobalSection
	GlobalSection(ProjectConfigurationPlatforms) = postSolution
		{C67B3830-A5C3-4080-9A00-D657F4B3C769}.Debug|Any CPU.ActiveCfg = Debug|Any CPU
		{C67B3830-A5C3-4080-9A00-D657F4B3C769}.Debug|Any CPU.Build.0 = Debug|Any CPU
		{C67B3830-A5C3-4080-9A00-D657F4B3C769}.Release|Any CPU.ActiveCfg = Release|Any CPU
		{C67B3830-A5C3-4080-9A00-D657F4B3C769}.Release|Any CPU.Build.0 = Release|Any CPU
	EndGlobalSection
	GlobalSection(SolutionProperties) = preSolution
		HideSolutionNode = FALSE
	EndGlobalSection
	GlobalSection(ExtensibilityGlobals) = postSolution
		SolutionGuid = {6D805CED-9589-4F4A-9506-46344FA5B30E}
	EndGlobalSection
EndGlobal
