
Microsoft Visual Studio Solution File, Format Version 12.00
# Visual Studio Version 17
VisualStudioVersion = 17.14.36414.22 d17.14
MinimumVisualStudioVersion = 10.0.40219.1
Project("{FAE04EC0-301F-11D3-BF4B-00C04F79EFBC}") = "Bai03", "Bai03.csproj", "{1278F729-9150-45F6-95C2-E9F0B071960E}"
EndProject
Global
	GlobalSection(SolutionConfigurationPlatforms) = preSolution
		Debug|Any CPU = Debug|Any CPU
		Release|Any CPU = Release|Any CPU
	EndGlobalSection
	GlobalSection(ProjectConfigurationPlatforms) = postSolution
		{1278F729-9150-45F6-95C2-E9F0B071960E}.Debug|Any CPU.ActiveCfg = Debug|Any CPU
		{1278F729-9150-45F6-95C2-E9F0B071960E}.Debug|Any CPU.Build.0 = Debug|Any CPU
		{1278F729-9150-45F6-95C2-E9F0B071960E}.Release|Any CPU.ActiveCfg = Release|Any CPU
		{1278F729-9150-45F6-95C2-E9F0B071960E}.Release|Any CPU.Build.0 = Release|Any CPU
	EndGlobalSection
	GlobalSection(SolutionProperties) = preSolution
		HideSolutionNode = FALSE
	EndGlobalSection
	GlobalSection(ExtensibilityGlobals) = postSolution
		SolutionGuid = {21F80B37-CAD2-4AA8-BED8-24AD1C075710}
	EndGlobalSection
EndGlobal
